// !$*UTF8*$!
{
	archiveVersion = 1;
	classes = {
	};
	objectVersion = 46;
	objects = {

/* Begin PBXBuildFile section */
		AA2437D11CE78D2F00C20DD6 /* AppDelegate.swift in Sources */ = {isa = PBXBuildFile; fileRef = AA2437D01CE78D2F00C20DD6 /* AppDelegate.swift */; };
		AA2437D31CE78D2F00C20DD6 /* ViewController.swift in Sources */ = {isa = PBXBuildFile; fileRef = AA2437D21CE78D2F00C20DD6 /* ViewController.swift */; };
		AA2437D61CE78D2F00C20DD6 /* Main.storyboard in Resources */ = {isa = PBXBuildFile; fileRef = AA2437D41CE78D2F00C20DD6 /* Main.storyboard */; };
		AA2437D81CE78D2F00C20DD6 /* Assets.xcassets in Resources */ = {isa = PBXBuildFile; fileRef = AA2437D71CE78D2F00C20DD6 /* Assets.xcassets */; };
		AA2437DB1CE78D2F00C20DD6 /* LaunchScreen.storyboard in Resources */ = {isa = PBXBuildFile; fileRef = AA2437D91CE78D2F00C20DD6 /* LaunchScreen.storyboard */; };
		AA2437E61CE78D2F00C20DD6 /* AACollageSwiftTests.swift in Sources */ = {isa = PBXBuildFile; fileRef = AA2437E51CE78D2F00C20DD6 /* AACollageSwiftTests.swift */; };
		AA2437F21CE7904D00C20DD6 /* AACollageMaker.swift in Sources */ = {isa = PBXBuildFile; fileRef = AA2437F11CE7904D00C20DD6 /* AACollageMaker.swift */; };
		AA2437F41CE790C500C20DD6 /* AACollageTypes.swift in Sources */ = {isa = PBXBuildFile; fileRef = AA2437F31CE790C500C20DD6 /* AACollageTypes.swift */; };
		AA2437F61CE7918400C20DD6 /* TreeNode+Extended.swift in Sources */ = {isa = PBXBuildFile; fileRef = AA2437F51CE7918400C20DD6 /* TreeNode+Extended.swift */; };
		AA29421A1CEC5BA30009AE7D /* 1.png in Resources */ = {isa = PBXBuildFile; fileRef = AA2941FF1CEC5BA30009AE7D /* 1.png */; };
		AA29421B1CEC5BA30009AE7D /* 2.png in Resources */ = {isa = PBXBuildFile; fileRef = AA2942001CEC5BA30009AE7D /* 2.png */; };
		AA29421C1CEC5BA30009AE7D /* 3.png in Resources */ = {isa = PBXBuildFile; fileRef = AA2942011CEC5BA30009AE7D /* 3.png */; };
		AA29421D1CEC5BA30009AE7D /* 4.png in Resources */ = {isa = PBXBuildFile; fileRef = AA2942021CEC5BA30009AE7D /* 4.png */; };
		AA29421E1CEC5BA30009AE7D /* 5.png in Resources */ = {isa = PBXBuildFile; fileRef = AA2942031CEC5BA30009AE7D /* 5.png */; };
		AA29421F1CEC5BA30009AE7D /* 6.png in Resources */ = {isa = PBXBuildFile; fileRef = AA2942041CEC5BA30009AE7D /* 6.png */; };
		AA2942201CEC5BA30009AE7D /* 7.png in Resources */ = {isa = PBXBuildFile; fileRef = AA2942051CEC5BA30009AE7D /* 7.png */; };
		AA2942211CEC5BA30009AE7D /* 8.png in Resources */ = {isa = PBXBuildFile; fileRef = AA2942061CEC5BA30009AE7D /* 8.png */; };
		AA2942221CEC5BA30009AE7D /* 9.png in Resources */ = {isa = PBXBuildFile; fileRef = AA2942071CEC5BA30009AE7D /* 9.png */; };
		AA2942231CEC5BA30009AE7D /* 10.png in Resources */ = {isa = PBXBuildFile; fileRef = AA2942081CEC5BA30009AE7D /* 10.png */; };
		AA2942241CEC5BA30009AE7D /* 11.png in Resources */ = {isa = PBXBuildFile; fileRef = AA2942091CEC5BA30009AE7D /* 11.png */; };
		AA2942251CEC5BA30009AE7D /* 12.png in Resources */ = {isa = PBXBuildFile; fileRef = AA29420A1CEC5BA30009AE7D /* 12.png */; };
		AA2942261CEC5BA30009AE7D /* 13.png in Resources */ = {isa = PBXBuildFile; fileRef = AA29420B1CEC5BA30009AE7D /* 13.png */; };
		AA2942271CEC5BA30009AE7D /* 14.png in Resources */ = {isa = PBXBuildFile; fileRef = AA29420C1CEC5BA30009AE7D /* 14.png */; };
		AA2942281CEC5BA30009AE7D /* 15.png in Resources */ = {isa = PBXBuildFile; fileRef = AA29420D1CEC5BA30009AE7D /* 15.png */; };
		AA2942291CEC5BA30009AE7D /* 16.png in Resources */ = {isa = PBXBuildFile; fileRef = AA29420E1CEC5BA30009AE7D /* 16.png */; };
		AA29422A1CEC5BA30009AE7D /* 17.png in Resources */ = {isa = PBXBuildFile; fileRef = AA29420F1CEC5BA30009AE7D /* 17.png */; };
		AA29422B1CEC5BA30009AE7D /* 18.png in Resources */ = {isa = PBXBuildFile; fileRef = AA2942101CEC5BA30009AE7D /* 18.png */; };
		AA29422C1CEC5BA30009AE7D /* 19.png in Resources */ = {isa = PBXBuildFile; fileRef = AA2942111CEC5BA30009AE7D /* 19.png */; };
		AA29422D1CEC5BA30009AE7D /* 20.png in Resources */ = {isa = PBXBuildFile; fileRef = AA2942121CEC5BA30009AE7D /* 20.png */; };
		AA29422E1CEC5BA30009AE7D /* 21.png in Resources */ = {isa = PBXBuildFile; fileRef = AA2942131CEC5BA30009AE7D /* 21.png */; };
		AA29422F1CEC5BA30009AE7D /* 22.png in Resources */ = {isa = PBXBuildFile; fileRef = AA2942141CEC5BA30009AE7D /* 22.png */; };
		AA2942301CEC5BA30009AE7D /* 23.png in Resources */ = {isa = PBXBuildFile; fileRef = AA2942151CEC5BA30009AE7D /* 23.png */; };
		AA2942311CEC5BA30009AE7D /* 24.png in Resources */ = {isa = PBXBuildFile; fileRef = AA2942161CEC5BA30009AE7D /* 24.png */; };
		AA2942321CEC5BA30009AE7D /* 25.png in Resources */ = {isa = PBXBuildFile; fileRef = AA2942171CEC5BA30009AE7D /* 25.png */; };
		AA2942331CEC5BA30009AE7D /* 26.png in Resources */ = {isa = PBXBuildFile; fileRef = AA2942181CEC5BA30009AE7D /* 26.png */; };
		AA2942341CEC5BA30009AE7D /* 27.png in Resources */ = {isa = PBXBuildFile; fileRef = AA2942191CEC5BA30009AE7D /* 27.png */; };
		AA2942361CEC5D5E0009AE7D /* ManualHeightTableViewController.swift in Sources */ = {isa = PBXBuildFile; fileRef = AA2942351CEC5D5E0009AE7D /* ManualHeightTableViewController.swift */; };
		AA2942391CEC5D980009AE7D /* LoadingTableViewCell.swift in Sources */ = {isa = PBXBuildFile; fileRef = AA2942371CEC5D980009AE7D /* LoadingTableViewCell.swift */; };
		AA29423A1CEC5D980009AE7D /* LoadingTableViewCell.xib in Resources */ = {isa = PBXBuildFile; fileRef = AA2942381CEC5D980009AE7D /* LoadingTableViewCell.xib */; };
		AA29423C1CEC5F7C0009AE7D /* ItemModel.swift in Sources */ = {isa = PBXBuildFile; fileRef = AA29423B1CEC5F7C0009AE7D /* ItemModel.swift */; };
		AA29423E1CEC60470009AE7D /* ManualHeightTableViewCell.swift in Sources */ = {isa = PBXBuildFile; fileRef = AA29423D1CEC60470009AE7D /* ManualHeightTableViewCell.swift */; };
		AA2942401CECA1A50009AE7D /* AutoHeightTableViewController.swift in Sources */ = {isa = PBXBuildFile; fileRef = AA29423F1CECA1A50009AE7D /* AutoHeightTableViewController.swift */; };
		AA2942431CECA1EE0009AE7D /* ItemTableViewCell.swift in Sources */ = {isa = PBXBuildFile; fileRef = AA2942411CECA1EE0009AE7D /* ItemTableViewCell.swift */; };
		AA2942441CECA1EE0009AE7D /* ItemTableViewCell.xib in Resources */ = {isa = PBXBuildFile; fileRef = AA2942421CECA1EE0009AE7D /* ItemTableViewCell.xib */; };
		AA2BCD6B1CEB1156003FF501 /* AACollageView.swift in Sources */ = {isa = PBXBuildFile; fileRef = AA2BCD6A1CEB1156003FF501 /* AACollageView.swift */; };
/* End PBXBuildFile section */

/* Begin PBXContainerItemProxy section */
		AA2437E21CE78D2F00C20DD6 /* PBXContainerItemProxy */ = {
			isa = PBXContainerItemProxy;
			containerPortal = AA2437C51CE78D2F00C20DD6 /* Project object */;
			proxyType = 1;
			remoteGlobalIDString = AA2437CC1CE78D2F00C20DD6;
			remoteInfo = AACollageSwift;
		};
/* End PBXContainerItemProxy section */

/* Begin PBXFileReference section */
		AA2437CD1CE78D2F00C20DD6 /* AACollageSwift.app */ = {isa = PBXFileReference; explicitFileType = wrapper.application; includeInIndex = 0; path = AACollageSwift.app; sourceTree = BUILT_PRODUCTS_DIR; };
		AA2437D01CE78D2F00C20DD6 /* AppDelegate.swift */ = {isa = PBXFileReference; lastKnownFileType = sourcecode.swift; path = AppDelegate.swift; sourceTree = "<group>"; };
		AA2437D21CE78D2F00C20DD6 /* ViewController.swift */ = {isa = PBXFileReference; lastKnownFileType = sourcecode.swift; path = ViewController.swift; sourceTree = "<group>"; };
		AA2437D51CE78D2F00C20DD6 /* Base */ = {isa = PBXFileReference; lastKnownFileType = file.storyboard; name = Base; path = Base.lproj/Main.storyboard; sourceTree = "<group>"; };
		AA2437D71CE78D2F00C20DD6 /* Assets.xcassets */ = {isa = PBXFileReference; lastKnownFileType = folder.assetcatalog; path = Assets.xcassets; sourceTree = "<group>"; };
		AA2437DA1CE78D2F00C20DD6 /* Base */ = {isa = PBXFileReference; lastKnownFileType = file.storyboard; name = Base; path = Base.lproj/LaunchScreen.storyboard; sourceTree = "<group>"; };
		AA2437DC1CE78D2F00C20DD6 /* Info.plist */ = {isa = PBXFileReference; lastKnownFileType = text.plist.xml; path = Info.plist; sourceTree = "<group>"; };
		AA2437E11CE78D2F00C20DD6 /* AACollageSwiftTests.xctest */ = {isa = PBXFileReference; explicitFileType = wrapper.cfbundle; includeInIndex = 0; path = AACollageSwiftTests.xctest; sourceTree = BUILT_PRODUCTS_DIR; };
		AA2437E51CE78D2F00C20DD6 /* AACollageSwiftTests.swift */ = {isa = PBXFileReference; lastKnownFileType = sourcecode.swift; path = AACollageSwiftTests.swift; sourceTree = "<group>"; };
		AA2437E71CE78D2F00C20DD6 /* Info.plist */ = {isa = PBXFileReference; lastKnownFileType = text.plist.xml; path = Info.plist; sourceTree = "<group>"; };
		AA2437F11CE7904D00C20DD6 /* AACollageMaker.swift */ = {isa = PBXFileReference; fileEncoding = 4; lastKnownFileType = sourcecode.swift; path = AACollageMaker.swift; sourceTree = "<group>"; };
		AA2437F31CE790C500C20DD6 /* AACollageTypes.swift */ = {isa = PBXFileReference; fileEncoding = 4; lastKnownFileType = sourcecode.swift; path = AACollageTypes.swift; sourceTree = "<group>"; };
		AA2437F51CE7918400C20DD6 /* TreeNode+Extended.swift */ = {isa = PBXFileReference; fileEncoding = 4; lastKnownFileType = sourcecode.swift; path = "TreeNode+Extended.swift"; sourceTree = "<group>"; };
		AA2941FF1CEC5BA30009AE7D /* 1.png */ = {isa = PBXFileReference; lastKnownFileType = image.png; path = 1.png; sourceTree = "<group>"; };
		AA2942001CEC5BA30009AE7D /* 2.png */ = {isa = PBXFileReference; lastKnownFileType = image.png; path = 2.png; sourceTree = "<group>"; };
		AA2942011CEC5BA30009AE7D /* 3.png */ = {isa = PBXFileReference; lastKnownFileType = image.png; path = 3.png; sourceTree = "<group>"; };
		AA2942021CEC5BA30009AE7D /* 4.png */ = {isa = PBXFileReference; lastKnownFileType = image.png; path = 4.png; sourceTree = "<group>"; };
		AA2942031CEC5BA30009AE7D /* 5.png */ = {isa = PBXFileReference; lastKnownFileType = image.png; path = 5.png; sourceTree = "<group>"; };
		AA2942041CEC5BA30009AE7D /* 6.png */ = {isa = PBXFileReference; lastKnownFileType = image.png; path = 6.png; sourceTree = "<group>"; };
		AA2942051CEC5BA30009AE7D /* 7.png */ = {isa = PBXFileReference; lastKnownFileType = image.png; path = 7.png; sourceTree = "<group>"; };
		AA2942061CEC5BA30009AE7D /* 8.png */ = {isa = PBXFileReference; lastKnownFileType = image.png; path = 8.png; sourceTree = "<group>"; };
		AA2942071CEC5BA30009AE7D /* 9.png */ = {isa = PBXFileReference; lastKnownFileType = image.png; path = 9.png; sourceTree = "<group>"; };
		AA2942081CEC5BA30009AE7D /* 10.png */ = {isa = PBXFileReference; lastKnownFileType = image.png; path = 10.png; sourceTree = "<group>"; };
		AA2942091CEC5BA30009AE7D /* 11.png */ = {isa = PBXFileReference; lastKnownFileType = image.png; path = 11.png; sourceTree = "<group>"; };
		AA29420A1CEC5BA30009AE7D /* 12.png */ = {isa = PBXFileReference; lastKnownFileType = image.png; path = 12.png; sourceTree = "<group>"; };
		AA29420B1CEC5BA30009AE7D /* 13.png */ = {isa = PBXFileReference; lastKnownFileType = image.png; path = 13.png; sourceTree = "<group>"; };
		AA29420C1CEC5BA30009AE7D /* 14.png */ = {isa = PBXFileReference; lastKnownFileType = image.png; path = 14.png; sourceTree = "<group>"; };
		AA29420D1CEC5BA30009AE7D /* 15.png */ = {isa = PBXFileReference; lastKnownFileType = image.png; path = 15.png; sourceTree = "<group>"; };
		AA29420E1CEC5BA30009AE7D /* 16.png */ = {isa = PBXFileReference; lastKnownFileType = image.png; path = 16.png; sourceTree = "<group>"; };
		AA29420F1CEC5BA30009AE7D /* 17.png */ = {isa = PBXFileReference; lastKnownFileType = image.png; path = 17.png; sourceTree = "<group>"; };
		AA2942101CEC5BA30009AE7D /* 18.png */ = {isa = PBXFileReference; lastKnownFileType = image.png; path = 18.png; sourceTree = "<group>"; };
		AA2942111CEC5BA30009AE7D /* 19.png */ = {isa = PBXFileReference; lastKnownFileType = image.png; path = 19.png; sourceTree = "<group>"; };
		AA2942121CEC5BA30009AE7D /* 20.png */ = {isa = PBXFileReference; lastKnownFileType = image.png; path = 20.png; sourceTree = "<group>"; };
		AA2942131CEC5BA30009AE7D /* 21.png */ = {isa = PBXFileReference; lastKnownFileType = image.png; path = 21.png; sourceTree = "<group>"; };
		AA2942141CEC5BA30009AE7D /* 22.png */ = {isa = PBXFileReference; lastKnownFileType = image.png; path = 22.png; sourceTree = "<group>"; };
		AA2942151CEC5BA30009AE7D /* 23.png */ = {isa = PBXFileReference; lastKnownFileType = image.png; path = 23.png; sourceTree = "<group>"; };
		AA2942161CEC5BA30009AE7D /* 24.png */ = {isa = PBXFileReference; lastKnownFileType = image.png; path = 24.png; sourceTree = "<group>"; };
		AA2942171CEC5BA30009AE7D /* 25.png */ = {isa = PBXFileReference; lastKnownFileType = image.png; path = 25.png; sourceTree = "<group>"; };
		AA2942181CEC5BA30009AE7D /* 26.png */ = {isa = PBXFileReference; lastKnownFileType = image.png; path = 26.png; sourceTree = "<group>"; };
		AA2942191CEC5BA30009AE7D /* 27.png */ = {isa = PBXFileReference; lastKnownFileType = image.png; path = 27.png; sourceTree = "<group>"; };
		AA2942351CEC5D5E0009AE7D /* ManualHeightTableViewController.swift */ = {isa = PBXFileReference; fileEncoding = 4; lastKnownFileType = sourcecode.swift; path = ManualHeightTableViewController.swift; sourceTree = "<group>"; };
		AA2942371CEC5D980009AE7D /* LoadingTableViewCell.swift */ = {isa = PBXFileReference; fileEncoding = 4; lastKnownFileType = sourcecode.swift; path = LoadingTableViewCell.swift; sourceTree = "<group>"; };
		AA2942381CEC5D980009AE7D /* LoadingTableViewCell.xib */ = {isa = PBXFileReference; fileEncoding = 4; lastKnownFileType = file.xib; path = LoadingTableViewCell.xib; sourceTree = "<group>"; };
		AA29423B1CEC5F7C0009AE7D /* ItemModel.swift */ = {isa = PBXFileReference; fileEncoding = 4; lastKnownFileType = sourcecode.swift; path = ItemModel.swift; sourceTree = "<group>"; };
		AA29423D1CEC60470009AE7D /* ManualHeightTableViewCell.swift */ = {isa = PBXFileReference; fileEncoding = 4; lastKnownFileType = sourcecode.swift; path = ManualHeightTableViewCell.swift; sourceTree = "<group>"; };
		AA29423F1CECA1A50009AE7D /* AutoHeightTableViewController.swift */ = {isa = PBXFileReference; fileEncoding = 4; lastKnownFileType = sourcecode.swift; path = AutoHeightTableViewController.swift; sourceTree = "<group>"; };
		AA2942411CECA1EE0009AE7D /* ItemTableViewCell.swift */ = {isa = PBXFileReference; fileEncoding = 4; lastKnownFileType = sourcecode.swift; path = ItemTableViewCell.swift; sourceTree = "<group>"; };
		AA2942421CECA1EE0009AE7D /* ItemTableViewCell.xib */ = {isa = PBXFileReference; fileEncoding = 4; lastKnownFileType = file.xib; path = ItemTableViewCell.xib; sourceTree = "<group>"; };
		AA2BCD6A1CEB1156003FF501 /* AACollageView.swift */ = {isa = PBXFileReference; fileEncoding = 4; lastKnownFileType = sourcecode.swift; path = AACollageView.swift; sourceTree = "<group>"; };
/* End PBXFileReference section */

/* Begin PBXFrameworksBuildPhase section */
		AA2437CA1CE78D2F00C20DD6 /* Frameworks */ = {
			isa = PBXFrameworksBuildPhase;
			buildActionMask = 2147483647;
			files = (
			);
			runOnlyForDeploymentPostprocessing = 0;
		};
		AA2437DE1CE78D2F00C20DD6 /* Frameworks */ = {
			isa = PBXFrameworksBuildPhase;
			buildActionMask = 2147483647;
			files = (
			);
			runOnlyForDeploymentPostprocessing = 0;
		};
/* End PBXFrameworksBuildPhase section */

/* Begin PBXGroup section */
		AA2437C41CE78D2F00C20DD6 = {
			isa = PBXGroup;
			children = (
				AA2437F01CE7903200C20DD6 /* Classes */,
				AA2437CF1CE78D2F00C20DD6 /* AACollageSwift */,
				AA2437E41CE78D2F00C20DD6 /* AACollageSwiftTests */,
				AA2437CE1CE78D2F00C20DD6 /* Products */,
			);
			sourceTree = "<group>";
		};
		AA2437CE1CE78D2F00C20DD6 /* Products */ = {
			isa = PBXGroup;
			children = (
				AA2437CD1CE78D2F00C20DD6 /* AACollageSwift.app */,
				AA2437E11CE78D2F00C20DD6 /* AACollageSwiftTests.xctest */,
			);
			name = Products;
			sourceTree = "<group>";
		};
		AA2437CF1CE78D2F00C20DD6 /* AACollageSwift */ = {
			isa = PBXGroup;
			children = (
				AA2437D01CE78D2F00C20DD6 /* AppDelegate.swift */,
				AA2437D21CE78D2F00C20DD6 /* ViewController.swift */,
				AA2437D41CE78D2F00C20DD6 /* Main.storyboard */,
				AA2437D71CE78D2F00C20DD6 /* Assets.xcassets */,
				AA2437D91CE78D2F00C20DD6 /* LaunchScreen.storyboard */,
				AA2437DC1CE78D2F00C20DD6 /* Info.plist */,
				AA2437F71CE7978400C20DD6 /* Images */,
				AA2942351CEC5D5E0009AE7D /* ManualHeightTableViewController.swift */,
				AA2942371CEC5D980009AE7D /* LoadingTableViewCell.swift */,
				AA2942381CEC5D980009AE7D /* LoadingTableViewCell.xib */,
				AA29423B1CEC5F7C0009AE7D /* ItemModel.swift */,
				AA29423D1CEC60470009AE7D /* ManualHeightTableViewCell.swift */,
				AA29423F1CECA1A50009AE7D /* AutoHeightTableViewController.swift */,
				AA2942411CECA1EE0009AE7D /* ItemTableViewCell.swift */,
				AA2942421CECA1EE0009AE7D /* ItemTableViewCell.xib */,
			);
			path = AACollageSwift;
			sourceTree = "<group>";
		};
		AA2437E41CE78D2F00C20DD6 /* AACollageSwiftTests */ = {
			isa = PBXGroup;
			children = (
				AA2437E51CE78D2F00C20DD6 /* AACollageSwiftTests.swift */,
				AA2437E71CE78D2F00C20DD6 /* Info.plist */,
			);
			path = AACollageSwiftTests;
			sourceTree = "<group>";
		};
		AA2437F01CE7903200C20DD6 /* Classes */ = {
			isa = PBXGroup;
			children = (
				AA2437F31CE790C500C20DD6 /* AACollageTypes.swift */,
				AA2437F51CE7918400C20DD6 /* TreeNode+Extended.swift */,
				AA2437F11CE7904D00C20DD6 /* AACollageMaker.swift */,
				AA2BCD6A1CEB1156003FF501 /* AACollageView.swift */,
			);
			path = Classes;
			sourceTree = "<group>";
		};
		AA2437F71CE7978400C20DD6 /* Images */ = {
			isa = PBXGroup;
			children = (
				AA2941FF1CEC5BA30009AE7D /* 1.png */,
				AA2942001CEC5BA30009AE7D /* 2.png */,
				AA2942011CEC5BA30009AE7D /* 3.png */,
				AA2942021CEC5BA30009AE7D /* 4.png */,
				AA2942031CEC5BA30009AE7D /* 5.png */,
				AA2942041CEC5BA30009AE7D /* 6.png */,
				AA2942051CEC5BA30009AE7D /* 7.png */,
				AA2942061CEC5BA30009AE7D /* 8.png */,
				AA2942071CEC5BA30009AE7D /* 9.png */,
				AA2942081CEC5BA30009AE7D /* 10.png */,
				AA2942091CEC5BA30009AE7D /* 11.png */,
				AA29420A1CEC5BA30009AE7D /* 12.png */,
				AA29420B1CEC5BA30009AE7D /* 13.png */,
				AA29420C1CEC5BA30009AE7D /* 14.png */,
				AA29420D1CEC5BA30009AE7D /* 15.png */,
				AA29420E1CEC5BA30009AE7D /* 16.png */,
				AA29420F1CEC5BA30009AE7D /* 17.png */,
				AA2942101CEC5BA30009AE7D /* 18.png */,
				AA2942111CEC5BA30009AE7D /* 19.png */,
				AA2942121CEC5BA30009AE7D /* 20.png */,
				AA2942131CEC5BA30009AE7D /* 21.png */,
				AA2942141CEC5BA30009AE7D /* 22.png */,
				AA2942151CEC5BA30009AE7D /* 23.png */,
				AA2942161CEC5BA30009AE7D /* 24.png */,
				AA2942171CEC5BA30009AE7D /* 25.png */,
				AA2942181CEC5BA30009AE7D /* 26.png */,
				AA2942191CEC5BA30009AE7D /* 27.png */,
			);
			path = Images;
			sourceTree = "<group>";
		};
/* End PBXGroup section */

/* Begin PBXNativeTarget section */
		AA2437CC1CE78D2F00C20DD6 /* AACollageSwift */ = {
			isa = PBXNativeTarget;
			buildConfigurationList = AA2437EA1CE78D2F00C20DD6 /* Build configuration list for PBXNativeTarget "AACollageSwift" */;
			buildPhases = (
				AA2437C91CE78D2F00C20DD6 /* Sources */,
				AA2437CA1CE78D2F00C20DD6 /* Frameworks */,
				AA2437CB1CE78D2F00C20DD6 /* Resources */,
			);
			buildRules = (
			);
			dependencies = (
			);
			name = AACollageSwift;
			productName = AACollageSwift;
			productReference = AA2437CD1CE78D2F00C20DD6 /* AACollageSwift.app */;
			productType = "com.apple.product-type.application";
		};
		AA2437E01CE78D2F00C20DD6 /* AACollageSwiftTests */ = {
			isa = PBXNativeTarget;
			buildConfigurationList = AA2437ED1CE78D2F00C20DD6 /* Build configuration list for PBXNativeTarget "AACollageSwiftTests" */;
			buildPhases = (
				AA2437DD1CE78D2F00C20DD6 /* Sources */,
				AA2437DE1CE78D2F00C20DD6 /* Frameworks */,
				AA2437DF1CE78D2F00C20DD6 /* Resources */,
			);
			buildRules = (
			);
			dependencies = (
				AA2437E31CE78D2F00C20DD6 /* PBXTargetDependency */,
			);
			name = AACollageSwiftTests;
			productName = AACollageSwiftTests;
			productReference = AA2437E11CE78D2F00C20DD6 /* AACollageSwiftTests.xctest */;
			productType = "com.apple.product-type.bundle.unit-test";
		};
/* End PBXNativeTarget section */

/* Begin PBXProject section */
		AA2437C51CE78D2F00C20DD6 /* Project object */ = {
			isa = PBXProject;
			attributes = {
				LastSwiftUpdateCheck = 0730;
				LastUpgradeCheck = 0730;
				ORGANIZATIONNAME = "Azat Almeev";
				TargetAttributes = {
					AA2437CC1CE78D2F00C20DD6 = {
						CreatedOnToolsVersion = 7.3.1;
					};
					AA2437E01CE78D2F00C20DD6 = {
						CreatedOnToolsVersion = 7.3.1;
						TestTargetID = AA2437CC1CE78D2F00C20DD6;
					};
				};
			};
			buildConfigurationList = AA2437C81CE78D2F00C20DD6 /* Build configuration list for PBXProject "AACollageSwift" */;
			compatibilityVersion = "Xcode 3.2";
			developmentRegion = English;
			hasScannedForEncodings = 0;
			knownRegions = (
				en,
				Base,
			);
			mainGroup = AA2437C41CE78D2F00C20DD6;
			productRefGroup = AA2437CE1CE78D2F00C20DD6 /* Products */;
			projectDirPath = "";
			projectRoot = "";
			targets = (
				AA2437CC1CE78D2F00C20DD6 /* AACollageSwift */,
				AA2437E01CE78D2F00C20DD6 /* AACollageSwiftTests */,
			);
		};
/* End PBXProject section */

/* Begin PBXResourcesBuildPhase section */
		AA2437CB1CE78D2F00C20DD6 /* Resources */ = {
			isa = PBXResourcesBuildPhase;
			buildActionMask = 2147483647;
			files = (
				AA2942301CEC5BA30009AE7D /* 23.png in Resources */,
				AA2942251CEC5BA30009AE7D /* 12.png in Resources */,
				AA2942291CEC5BA30009AE7D /* 16.png in Resources */,
				AA2942231CEC5BA30009AE7D /* 10.png in Resources */,
				AA2942211CEC5BA30009AE7D /* 8.png in Resources */,
				AA29423A1CEC5D980009AE7D /* LoadingTableViewCell.xib in Resources */,
				AA2942331CEC5BA30009AE7D /* 26.png in Resources */,
				AA2437DB1CE78D2F00C20DD6 /* LaunchScreen.storyboard in Resources */,
				AA29422A1CEC5BA30009AE7D /* 17.png in Resources */,
				AA29421D1CEC5BA30009AE7D /* 4.png in Resources */,
				AA29421A1CEC5BA30009AE7D /* 1.png in Resources */,
				AA2942241CEC5BA30009AE7D /* 11.png in Resources */,
				AA29422C1CEC5BA30009AE7D /* 19.png in Resources */,
				AA29422F1CEC5BA30009AE7D /* 22.png in Resources */,
				AA29421F1CEC5BA30009AE7D /* 6.png in Resources */,
				AA29421B1CEC5BA30009AE7D /* 2.png in Resources */,
				AA2942311CEC5BA30009AE7D /* 24.png in Resources */,
				AA2942281CEC5BA30009AE7D /* 15.png in Resources */,
				AA29422B1CEC5BA30009AE7D /* 18.png in Resources */,
				AA29421C1CEC5BA30009AE7D /* 3.png in Resources */,
				AA29421E1CEC5BA30009AE7D /* 5.png in Resources */,
				AA2942341CEC5BA30009AE7D /* 27.png in Resources */,
				AA2942201CEC5BA30009AE7D /* 7.png in Resources */,
				AA2942321CEC5BA30009AE7D /* 25.png in Resources */,
				AA2942441CECA1EE0009AE7D /* ItemTableViewCell.xib in Resources */,
				AA2942221CEC5BA30009AE7D /* 9.png in Resources */,
				AA29422D1CEC5BA30009AE7D /* 20.png in Resources */,
				AA2942261CEC5BA30009AE7D /* 13.png in Resources */,
				AA29422E1CEC5BA30009AE7D /* 21.png in Resources */,
				AA2437D81CE78D2F00C20DD6 /* Assets.xcassets in Resources */,
				AA2437D61CE78D2F00C20DD6 /* Main.storyboard in Resources */,
				AA2942271CEC5BA30009AE7D /* 14.png in Resources */,
			);
			runOnlyForDeploymentPostprocessing = 0;
		};
		AA2437DF1CE78D2F00C20DD6 /* Resources */ = {
			isa = PBXResourcesBuildPhase;
			buildActionMask = 2147483647;
			files = (
			);
			runOnlyForDeploymentPostprocessing = 0;
		};
/* End PBXResourcesBuildPhase section */

/* Begin PBXSourcesBuildPhase section */
		AA2437C91CE78D2F00C20DD6 /* Sources */ = {
			isa = PBXSourcesBuildPhase;
			buildActionMask = 2147483647;
			files = (
				AA2BCD6B1CEB1156003FF501 /* AACollageView.swift in Sources */,
				AA2437D31CE78D2F00C20DD6 /* ViewController.swift in Sources */,
				AA2942401CECA1A50009AE7D /* AutoHeightTableViewController.swift in Sources */,
				AA2437F61CE7918400C20DD6 /* TreeNode+Extended.swift in Sources */,
				AA2942431CECA1EE0009AE7D /* ItemTableViewCell.swift in Sources */,
				AA29423C1CEC5F7C0009AE7D /* ItemModel.swift in Sources */,
				AA2437D11CE78D2F00C20DD6 /* AppDelegate.swift in Sources */,
				AA2437F21CE7904D00C20DD6 /* AACollageMaker.swift in Sources */,
				AA2437F41CE790C500C20DD6 /* AACollageTypes.swift in Sources */,
				AA2942391CEC5D980009AE7D /* LoadingTableViewCell.swift in Sources */,
				AA29423E1CEC60470009AE7D /* ManualHeightTableViewCell.swift in Sources */,
				AA2942361CEC5D5E0009AE7D /* ManualHeightTableViewController.swift in Sources */,
			);
			runOnlyForDeploymentPostprocessing = 0;
		};
		AA2437DD1CE78D2F00C20DD6 /* Sources */ = {
			isa = PBXSourcesBuildPhase;
			buildActionMask = 2147483647;
			files = (
				AA2437E61CE78D2F00C20DD6 /* AACollageSwiftTests.swift in Sources */,
			);
			runOnlyForDeploymentPostprocessing = 0;
		};
/* End PBXSourcesBuildPhase section */

/* Begin PBXTargetDependency section */
		AA2437E31CE78D2F00C20DD6 /* PBXTargetDependency */ = {
			isa = PBXTargetDependency;
			target = AA2437CC1CE78D2F00C20DD6 /* AACollageSwift */;
			targetProxy = AA2437E21CE78D2F00C20DD6 /* PBXContainerItemProxy */;
		};
/* End PBXTargetDependency section */

/* Begin PBXVariantGroup section */
		AA2437D41CE78D2F00C20DD6 /* Main.storyboard */ = {
			isa = PBXVariantGroup;
			children = (
				AA2437D51CE78D2F00C20DD6 /* Base */,
			);
			name = Main.storyboard;
			sourceTree = "<group>";
		};
		AA2437D91CE78D2F00C20DD6 /* LaunchScreen.storyboard */ = {
			isa = PBXVariantGroup;
			children = (
				AA2437DA1CE78D2F00C20DD6 /* Base */,
			);
			name = LaunchScreen.storyboard;
			sourceTree = "<group>";
		};
/* End PBXVariantGroup section */

/* Begin XCBuildConfiguration section */
		AA2437E81CE78D2F00C20DD6 /* Debug */ = {
			isa = XCBuildConfiguration;
			buildSettings = {
				ALWAYS_SEARCH_USER_PATHS = NO;
				CLANG_ANALYZER_NONNULL = YES;
				CLANG_CXX_LANGUAGE_STANDARD = "gnu++0x";
				CLANG_CXX_LIBRARY = "libc++";
				CLANG_ENABLE_MODULES = YES;
				CLANG_ENABLE_OBJC_ARC = YES;
				CLANG_WARN_BOOL_CONVERSION = YES;
				CLANG_WARN_CONSTANT_CONVERSION = YES;
				CLANG_WARN_DIRECT_OBJC_ISA_USAGE = YES_ERROR;
				CLANG_WARN_EMPTY_BODY = YES;
				CLANG_WARN_ENUM_CONVERSION = YES;
				CLANG_WARN_INT_CONVERSION = YES;
				CLANG_WARN_OBJC_ROOT_CLASS = YES_ERROR;
				CLANG_WARN_UNREACHABLE_CODE = YES;
				CLANG_WARN__DUPLICATE_METHOD_MATCH = YES;
				"CODE_SIGN_IDENTITY[sdk=iphoneos*]" = "iPhone Developer";
				COPY_PHASE_STRIP = NO;
				DEBUG_INFORMATION_FORMAT = dwarf;
				ENABLE_STRICT_OBJC_MSGSEND = YES;
				ENABLE_TESTABILITY = YES;
				GCC_C_LANGUAGE_STANDARD = gnu99;
				GCC_DYNAMIC_NO_PIC = NO;
				GCC_NO_COMMON_BLOCKS = YES;
				GCC_OPTIMIZATION_LEVEL = 0;
				GCC_PREPROCESSOR_DEFINITIONS = (
					"DEBUG=1",
					"$(inherited)",
				);
				GCC_WARN_64_TO_32_BIT_CONVERSION = YES;
				GCC_WARN_ABOUT_RETURN_TYPE = YES_ERROR;
				GCC_WARN_UNDECLARED_SELECTOR = YES;
				GCC_WARN_UNINITIALIZED_AUTOS = YES_AGGRESSIVE;
				GCC_WARN_UNUSED_FUNCTION = YES;
				GCC_WARN_UNUSED_VARIABLE = YES;
				IPHONEOS_DEPLOYMENT_TARGET = 9.3;
				MTL_ENABLE_DEBUG_INFO = YES;
				ONLY_ACTIVE_ARCH = YES;
				SDKROOT = iphoneos;
				SWIFT_OPTIMIZATION_LEVEL = "-Onone";
				TARGETED_DEVICE_FAMILY = "1,2";
			};
			name = Debug;
		};
		AA2437E91CE78D2F00C20DD6 /* Release */ = {
			isa = XCBuildConfiguration;
			buildSettings = {
				ALWAYS_SEARCH_USER_PATHS = NO;
				CLANG_ANALYZER_NONNULL = YES;
				CLANG_CXX_LANGUAGE_STANDARD = "gnu++0x";
				CLANG_CXX_LIBRARY = "libc++";
				CLANG_ENABLE_MODULES = YES;
				CLANG_ENABLE_OBJC_ARC = YES;
				CLANG_WARN_BOOL_CONVERSION = YES;
				CLANG_WARN_CONSTANT_CONVERSION = YES;
				CLANG_WARN_DIRECT_OBJC_ISA_USAGE = YES_ERROR;
				CLANG_WARN_EMPTY_BODY = YES;
				CLANG_WARN_ENUM_CONVERSION = YES;
				CLANG_WARN_INT_CONVERSION = YES;
				CLANG_WARN_OBJC_ROOT_CLASS = YES_ERROR;
				CLANG_WARN_UNREACHABLE_CODE = YES;
				CLANG_WARN__DUPLICATE_METHOD_MATCH = YES;
				"CODE_SIGN_IDENTITY[sdk=iphoneos*]" = "iPhone Developer";
				COPY_PHASE_STRIP = NO;
				DEBUG_INFORMATION_FORMAT = "dwarf-with-dsym";
				ENABLE_NS_ASSERTIONS = NO;
				ENABLE_STRICT_OBJC_MSGSEND = YES;
				GCC_C_LANGUAGE_STANDARD = gnu99;
				GCC_NO_COMMON_BLOCKS = YES;
				GCC_WARN_64_TO_32_BIT_CONVERSION = YES;
				GCC_WARN_ABOUT_RETURN_TYPE = YES_ERROR;
				GCC_WARN_UNDECLARED_SELECTOR = YES;
				GCC_WARN_UNINITIALIZED_AUTOS = YES_AGGRESSIVE;
				GCC_WARN_UNUSED_FUNCTION = YES;
				GCC_WARN_UNUSED_VARIABLE = YES;
				IPHONEOS_DEPLOYMENT_TARGET = 9.3;
				MTL_ENABLE_DEBUG_INFO = NO;
				SDKROOT = iphoneos;
				TARGETED_DEVICE_FAMILY = "1,2";
				VALIDATE_PRODUCT = YES;
			};
			name = Release;
		};
		AA2437EB1CE78D2F00C20DD6 /* Debug */ = {
			isa = XCBuildConfiguration;
			buildSettings = {
				ASSETCATALOG_COMPILER_APPICON_NAME = AppIcon;
				CLANG_ENABLE_MODULES = YES;
				INFOPLIST_FILE = AACollageSwift/Info.plist;
				LD_RUNPATH_SEARCH_PATHS = "$(inherited) @executable_path/Frameworks";
				PRODUCT_BUNDLE_IDENTIFIER = ru.azatalmeev.AACollageSwift;
				PRODUCT_NAME = "$(TARGET_NAME)";
				SWIFT_OPTIMIZATION_LEVEL = "-Onone";
			};
			name = Debug;
		};
		AA2437EC1CE78D2F00C20DD6 /* Release */ = {
			isa = XCBuildConfiguration;
			buildSettings = {
				ASSETCATALOG_COMPILER_APPICON_NAME = AppIcon;
				CLANG_ENABLE_MODULES = YES;
				INFOPLIST_FILE = AACollageSwift/Info.plist;
				LD_RUNPATH_SEARCH_PATHS = "$(inherited) @executable_path/Frameworks";
				PRODUCT_BUNDLE_IDENTIFIER = ru.azatalmeev.AACollageSwift;
				PRODUCT_NAME = "$(TARGET_NAME)";
			};
			name = Release;
		};
		AA2437EE1CE78D2F00C20DD6 /* Debug */ = {
			isa = XCBuildConfiguration;
			buildSettings = {
				BUNDLE_LOADER = "$(TEST_HOST)";
				INFOPLIST_FILE = AACollageSwiftTests/Info.plist;
				LD_RUNPATH_SEARCH_PATHS = "$(inherited) @executable_path/Frameworks @loader_path/Frameworks";
				PRODUCT_BUNDLE_IDENTIFIER = ru.azatalmeev.AACollageSwiftTests;
				PRODUCT_NAME = "$(TARGET_NAME)";
				TEST_HOST = "$(BUILT_PRODUCTS_DIR)/AACollageSwift.app/AACollageSwift";
			};
			name = Debug;
		};
		AA2437EF1CE78D2F00C20DD6 /* Release */ = {
			isa = XCBuildConfiguration;
			buildSettings = {
				BUNDLE_LOADER = "$(TEST_HOST)";
				INFOPLIST_FILE = AACollageSwiftTests/Info.plist;
				LD_RUNPATH_SEARCH_PATHS = "$(inherited) @executable_path/Frameworks @loader_path/Frameworks";
				PRODUCT_BUNDLE_IDENTIFIER = ru.azatalmeev.AACollageSwiftTests;
				PRODUCT_NAME = "$(TARGET_NAME)";
				TEST_HOST = "$(BUILT_PRODUCTS_DIR)/AACollageSwift.app/AACollageSwift";
			};
			name = Release;
		};
/* End XCBuildConfiguration section */

/* Begin XCConfigurationList section */
		AA2437C81CE78D2F00C20DD6 /* Build configuration list for PBXProject "AACollageSwift" */ = {
			isa = XCConfigurationList;
			buildConfigurations = (
				AA2437E81CE78D2F00C20DD6 /* Debug */,
				AA2437E91CE78D2F00C20DD6 /* Release */,
			);
			defaultConfigurationIsVisible = 0;
			defaultConfigurationName = Release;
		};
		AA2437EA1CE78D2F00C20DD6 /* Build configuration list for PBXNativeTarget "AACollageSwift" */ = {
			isa = XCConfigurationList;
			buildConfigurations = (
				AA2437EB1CE78D2F00C20DD6 /* Debug */,
				AA2437EC1CE78D2F00C20DD6 /* Release */,
			);
			defaultConfigurationIsVisible = 0;
			defaultConfigurationName = Release;
		};
		AA2437ED1CE78D2F00C20DD6 /* Build configuration list for PBXNativeTarget "AACollageSwiftTests" */ = {
			isa = XCConfigurationList;
			buildConfigurations = (
				AA2437EE1CE78D2F00C20DD6 /* Debug */,
				AA2437EF1CE78D2F00C20DD6 /* Release */,
			);
			defaultConfigurationIsVisible = 0;
			defaultConfigurationName = Release;
		};
/* End XCConfigurationList section */
	};
	rootObject = AA2437C51CE78D2F00C20DD6 /* Project object */;
}
